// !$*UTF8*$!
{
	archiveVersion = 1;
	classes = {
	};
	objectVersion = 46;
	objects = {

/* Begin PBXBuildFile section */
		C567577F1B787E340035E40B /* Foundation.framework in Frameworks */ = {isa = PBXBuildFile; fileRef = C567577E1B787E340035E40B /* Foundation.framework */; };
		C56757811B787E340035E40B /* CoreGraphics.framework in Frameworks */ = {isa = PBXBuildFile; fileRef = C56757801B787E340035E40B /* CoreGraphics.framework */; };
		C56757831B787E340035E40B /* UIKit.framework in Frameworks */ = {isa = PBXBuildFile; fileRef = C56757821B787E340035E40B /* UIKit.framework */; };
		C56757891B787E340035E40B /* InfoPlist.strings in Resources */ = {isa = PBXBuildFile; fileRef = C56757871B787E340035E40B /* InfoPlist.strings */; };
		C567578B1B787E340035E40B /* main.m in Sources */ = {isa = PBXBuildFile; fileRef = C567578A1B787E340035E40B /* main.m */; };
		C567578F1B787E340035E40B /* DropitAppDelegate.m in Sources */ = {isa = PBXBuildFile; fileRef = C567578E1B787E340035E40B /* DropitAppDelegate.m */; };
		C56757921B787E340035E40B /* Main.storyboard in Resources */ = {isa = PBXBuildFile; fileRef = C56757901B787E340035E40B /* Main.storyboard */; };
		C56757951B787E340035E40B /* DropitViewController.m in Sources */ = {isa = PBXBuildFile; fileRef = C56757941B787E340035E40B /* DropitViewController.m */; };
		C56757971B787E340035E40B /* Images.xcassets in Resources */ = {isa = PBXBuildFile; fileRef = C56757961B787E340035E40B /* Images.xcassets */; };
		C567579E1B787E340035E40B /* XCTest.framework in Frameworks */ = {isa = PBXBuildFile; fileRef = C567579D1B787E340035E40B /* XCTest.framework */; };
		C567579F1B787E340035E40B /* Foundation.framework in Frameworks */ = {isa = PBXBuildFile; fileRef = C567577E1B787E340035E40B /* Foundation.framework */; };
		C56757A01B787E340035E40B /* UIKit.framework in Frameworks */ = {isa = PBXBuildFile; fileRef = C56757821B787E340035E40B /* UIKit.framework */; };
		C56757A81B787E340035E40B /* InfoPlist.strings in Resources */ = {isa = PBXBuildFile; fileRef = C56757A61B787E340035E40B /* InfoPlist.strings */; };
		C56757AA1B787E340035E40B /* DropitTests.m in Sources */ = {isa = PBXBuildFile; fileRef = C56757A91B787E340035E40B /* DropitTests.m */; };
		C56757B51B788D710035E40B /* DropitBehavior.m in Sources */ = {isa = PBXBuildFile; fileRef = C56757B41B788D710035E40B /* DropitBehavior.m */; };
/* End PBXBuildFile section */

/* Begin PBXContainerItemProxy section */
		C56757A11B787E340035E40B /* PBXContainerItemProxy */ = {
			isa = PBXContainerItemProxy;
			containerPortal = C56757731B787E340035E40B /* Project object */;
			proxyType = 1;
			remoteGlobalIDString = C567577A1B787E340035E40B;
			remoteInfo = Dropit;
		};
/* End PBXContainerItemProxy section */

/* Begin PBXFileReference section */
		C567577B1B787E340035E40B /* Dropit.app */ = {isa = PBXFileReference; explicitFileType = wrapper.application; includeInIndex = 0; path = Dropit.app; sourceTree = BUILT_PRODUCTS_DIR; };
		C567577E1B787E340035E40B /* Foundation.framework */ = {isa = PBXFileReference; lastKnownFileType = wrapper.framework; name = Foundation.framework; path = System/Library/Frameworks/Foundation.framework; sourceTree = SDKROOT; };
		C56757801B787E340035E40B /* CoreGraphics.framework */ = {isa = PBXFileReference; lastKnownFileType = wrapper.framework; name = CoreGraphics.framework; path = System/Library/Frameworks/CoreGraphics.framework; sourceTree = SDKROOT; };
		C56757821B787E340035E40B /* UIKit.framework */ = {isa = PBXFileReference; lastKnownFileType = wrapper.framework; name = UIKit.framework; path = System/Library/Frameworks/UIKit.framework; sourceTree = SDKROOT; };
		C56757861B787E340035E40B /* Dropit-Info.plist */ = {isa = PBXFileReference; lastKnownFileType = text.plist.xml; path = "Dropit-Info.plist"; sourceTree = "<group>"; };
		C56757881B787E340035E40B /* en */ = {isa = PBXFileReference; lastKnownFileType = text.plist.strings; name = en; path = en.lproj/InfoPlist.strings; sourceTree = "<group>"; };
		C567578A1B787E340035E40B /* main.m */ = {isa = PBXFileReference; lastKnownFileType = sourcecode.c.objc; path = main.m; sourceTree = "<group>"; };
		C567578C1B787E340035E40B /* Dropit-Prefix.pch */ = {isa = PBXFileReference; lastKnownFileType = sourcecode.c.h; path = "Dropit-Prefix.pch"; sourceTree = "<group>"; };
		C567578D1B787E340035E40B /* DropitAppDelegate.h */ = {isa = PBXFileReference; lastKnownFileType = sourcecode.c.h; path = DropitAppDelegate.h; sourceTree = "<group>"; };
		C567578E1B787E340035E40B /* DropitAppDelegate.m */ = {isa = PBXFileReference; lastKnownFileType = sourcecode.c.objc; path = DropitAppDelegate.m; sourceTree = "<group>"; };
		C56757911B787E340035E40B /* Base */ = {isa = PBXFileReference; lastKnownFileType = file.storyboard; name = Base; path = Base.lproj/Main.storyboard; sourceTree = "<group>"; };
		C56757931B787E340035E40B /* DropitViewController.h */ = {isa = PBXFileReference; lastKnownFileType = sourcecode.c.h; path = DropitViewController.h; sourceTree = "<group>"; };
		C56757941B787E340035E40B /* DropitViewController.m */ = {isa = PBXFileReference; lastKnownFileType = sourcecode.c.objc; path = DropitViewController.m; sourceTree = "<group>"; };
		C56757961B787E340035E40B /* Images.xcassets */ = {isa = PBXFileReference; lastKnownFileType = folder.assetcatalog; path = Images.xcassets; sourceTree = "<group>"; };
		C567579C1B787E340035E40B /* DropitTests.xctest */ = {isa = PBXFileReference; explicitFileType = wrapper.cfbundle; includeInIndex = 0; path = DropitTests.xctest; sourceTree = BUILT_PRODUCTS_DIR; };
		C567579D1B787E340035E40B /* XCTest.framework */ = {isa = PBXFileReference; lastKnownFileType = wrapper.framework; name = XCTest.framework; path = Library/Frameworks/XCTest.framework; sourceTree = DEVELOPER_DIR; };
		C56757A51B787E340035E40B /* DropitTests-Info.plist */ = {isa = PBXFileReference; lastKnownFileType = text.plist.xml; path = "DropitTests-Info.plist"; sourceTree = "<group>"; };
		C56757A71B787E340035E40B /* en */ = {isa = PBXFileReference; lastKnownFileType = text.plist.strings; name = en; path = en.lproj/InfoPlist.strings; sourceTree = "<group>"; };
		C56757A91B787E340035E40B /* DropitTests.m */ = {isa = PBXFileReference; lastKnownFileType = sourcecode.c.objc; path = DropitTests.m; sourceTree = "<group>"; };
		C56757B31B788D710035E40B /* DropitBehavior.h */ = {isa = PBXFileReference; fileEncoding = 4; lastKnownFileType = sourcecode.c.h; path = DropitBehavior.h; sourceTree = "<group>"; };
		C56757B41B788D710035E40B /* DropitBehavior.m */ = {isa = PBXFileReference; fileEncoding = 4; lastKnownFileType = sourcecode.c.objc; path = DropitBehavior.m; sourceTree = "<group>"; };
/* End PBXFileReference section */

/* Begin PBXFrameworksBuildPhase section */
		C56757781B787E340035E40B /* Frameworks */ = {
			isa = PBXFrameworksBuildPhase;
			buildActionMask = 2147483647;
			files = (
				C56757811B787E340035E40B /* CoreGraphics.framework in Frameworks */,
				C56757831B787E340035E40B /* UIKit.framework in Frameworks */,
				C567577F1B787E340035E40B /* Foundation.framework in Frameworks */,
			);
			runOnlyForDeploymentPostprocessing = 0;
		};
		C56757991B787E340035E40B /* Frameworks */ = {
			isa = PBXFrameworksBuildPhase;
			buildActionMask = 2147483647;
			files = (
				C567579E1B787E340035E40B /* XCTest.framework in Frameworks */,
				C56757A01B787E340035E40B /* UIKit.framework in Frameworks */,
				C567579F1B787E340035E40B /* Foundation.framework in Frameworks */,
			);
			runOnlyForDeploymentPostprocessing = 0;
		};
/* End PBXFrameworksBuildPhase section */

/* Begin PBXGroup section */
		C56757721B787E340035E40B = {
			isa = PBXGroup;
			children = (
				C56757841B787E340035E40B /* Dropit */,
				C56757A31B787E340035E40B /* DropitTests */,
				C567577D1B787E340035E40B /* Frameworks */,
				C567577C1B787E340035E40B /* Products */,
			);
			sourceTree = "<group>";
		};
		C567577C1B787E340035E40B /* Products */ = {
			isa = PBXGroup;
			children = (
				C567577B1B787E340035E40B /* Dropit.app */,
				C567579C1B787E340035E40B /* DropitTests.xctest */,
			);
			name = Products;
			sourceTree = "<group>";
		};
		C567577D1B787E340035E40B /* Frameworks */ = {
			isa = PBXGroup;
			children = (
				C567577E1B787E340035E40B /* Foundation.framework */,
				C56757801B787E340035E40B /* CoreGraphics.framework */,
				C56757821B787E340035E40B /* UIKit.framework */,
				C567579D1B787E340035E40B /* XCTest.framework */,
			);
			name = Frameworks;
			sourceTree = "<group>";
		};
		C56757841B787E340035E40B /* Dropit */ = {
			isa = PBXGroup;
			children = (
				C56757901B787E340035E40B /* Main.storyboard */,
				C56757931B787E340035E40B /* DropitViewController.h */,
				C56757941B787E340035E40B /* DropitViewController.m */,
				C56757B31B788D710035E40B /* DropitBehavior.h */,
				C56757B41B788D710035E40B /* DropitBehavior.m */,
				C56757961B787E340035E40B /* Images.xcassets */,
				C56757851B787E340035E40B /* Supporting Files */,
			);
			path = Dropit;
			sourceTree = "<group>";
		};
		C56757851B787E340035E40B /* Supporting Files */ = {
			isa = PBXGroup;
			children = (
				C567578D1B787E340035E40B /* DropitAppDelegate.h */,
				C567578E1B787E340035E40B /* DropitAppDelegate.m */,
				C56757861B787E340035E40B /* Dropit-Info.plist */,
				C56757871B787E340035E40B /* InfoPlist.strings */,
				C567578A1B787E340035E40B /* main.m */,
				C567578C1B787E340035E40B /* Dropit-Prefix.pch */,
			);
			name = "Supporting Files";
			sourceTree = "<group>";
		};
		C56757A31B787E340035E40B /* DropitTests */ = {
			isa = PBXGroup;
			children = (
				C56757A91B787E340035E40B /* DropitTests.m */,
				C56757A41B787E340035E40B /* Supporting Files */,
			);
			path = DropitTests;
			sourceTree = "<group>";
		};
		C56757A41B787E340035E40B /* Supporting Files */ = {
			isa = PBXGroup;
			children = (
				C56757A51B787E340035E40B /* DropitTests-Info.plist */,
				C56757A61B787E340035E40B /* InfoPlist.strings */,
			);
			name = "Supporting Files";
			sourceTree = "<group>";
		};
/* End PBXGroup section */

/* Begin PBXNativeTarget section */
		C567577A1B787E340035E40B /* Dropit */ = {
			isa = PBXNativeTarget;
			buildConfigurationList = C56757AD1B787E340035E40B /* Build configuration list for PBXNativeTarget "Dropit" */;
			buildPhases = (
				C56757771B787E340035E40B /* Sources */,
				C56757781B787E340035E40B /* Frameworks */,
				C56757791B787E340035E40B /* Resources */,
			);
			buildRules = (
			);
			dependencies = (
			);
			name = Dropit;
			productName = Dropit;
			productReference = C567577B1B787E340035E40B /* Dropit.app */;
			productType = "com.apple.product-type.application";
		};
		C567579B1B787E340035E40B /* DropitTests */ = {
			isa = PBXNativeTarget;
			buildConfigurationList = C56757B01B787E340035E40B /* Build configuration list for PBXNativeTarget "DropitTests" */;
			buildPhases = (
				C56757981B787E340035E40B /* Sources */,
				C56757991B787E340035E40B /* Frameworks */,
				C567579A1B787E340035E40B /* Resources */,
			);
			buildRules = (
			);
			dependencies = (
				C56757A21B787E340035E40B /* PBXTargetDependency */,
			);
			name = DropitTests;
			productName = DropitTests;
			productReference = C567579C1B787E340035E40B /* DropitTests.xctest */;
			productType = "com.apple.product-type.bundle.unit-test";
		};
/* End PBXNativeTarget section */

/* Begin PBXProject section */
		C56757731B787E340035E40B /* Project object */ = {
			isa = PBXProject;
			attributes = {
				CLASSPREFIX = Dropit;
				LastUpgradeCheck = 0510;
				ORGANIZATIONNAME = TechLewis;
				TargetAttributes = {
					C567579B1B787E340035E40B = {
						TestTargetID = C567577A1B787E340035E40B;
					};
				};
			};
			buildConfigurationList = C56757761B787E340035E40B /* Build configuration list for PBXProject "Dropit" */;
			compatibilityVersion = "Xcode 3.2";
			developmentRegion = English;
			hasScannedForEncodings = 0;
			knownRegions = (
				en,
				Base,
			);
			mainGroup = C56757721B787E340035E40B;
			productRefGroup = C567577C1B787E340035E40B /* Products */;
			projectDirPath = "";
			projectRoot = "";
			targets = (
				C567577A1B787E340035E40B /* Dropit */,
				C567579B1B787E340035E40B /* DropitTests */,
			);
		};
/* End PBXProject section */

/* Begin PBXResourcesBuildPhase section */
		C56757791B787E340035E40B /* Resources */ = {
			isa = PBXResourcesBuildPhase;
			buildActionMask = 2147483647;
			files = (
				C56757971B787E340035E40B /* Images.xcassets in Resources */,
				C56757891B787E340035E40B /* InfoPlist.strings in Resources */,
				C56757921B787E340035E40B /* Main.storyboard in Resources */,
			);
			runOnlyForDeploymentPostprocessing = 0;
		};
		C567579A1B787E340035E40B /* Resources */ = {
			isa = PBXResourcesBuildPhase;
			buildActionMask = 2147483647;
			files = (
				C56757A81B787E340035E40B /* InfoPlist.strings in Resources */,
			);
			runOnlyForDeploymentPostprocessing = 0;
		};
/* End PBXResourcesBuildPhase section */

/* Begin PBXSourcesBuildPhase section */
		C56757771B787E340035E40B /* Sources */ = {
			isa = PBXSourcesBuildPhase;
			buildActionMask = 2147483647;
			files = (
				C56757951B787E340035E40B /* DropitViewController.m in Sources */,
				C56757B51B788D710035E40B /* DropitBehavior.m in Sources */,
				C567578F1B787E340035E40B /* DropitAppDelegate.m in Sources */,
				C567578B1B787E340035E40B /* main.m in Sources */,
			);
			runOnlyForDeploymentPostprocessing = 0;
		};
		C56757981B787E340035E40B /* Sources */ = {
			isa = PBXSourcesBuildPhase;
			buildActionMask = 2147483647;
			files = (
				C56757AA1B787E340035E40B /* DropitTests.m in Sources */,
			);
			runOnlyForDeploymentPostprocessing = 0;
		};
/* End PBXSourcesBuildPhase section */

/* Begin PBXTargetDependency section */
		C56757A21B787E340035E40B /* PBXTargetDependency */ = {
			isa = PBXTargetDependency;
			target = C567577A1B787E340035E40B /* Dropit */;
			targetProxy = C56757A11B787E340035E40B /* PBXContainerItemProxy */;
		};
/* End PBXTargetDependency section */

/* Begin PBXVariantGroup section */
		C56757871B787E340035E40B /* InfoPlist.strings */ = {
			isa = PBXVariantGroup;
			children = (
				C56757881B787E340035E40B /* en */,
			);
			name = InfoPlist.strings;
			sourceTree = "<group>";
		};
		C56757901B787E340035E40B /* Main.storyboard */ = {
			isa = PBXVariantGroup;
			children = (
				C56757911B787E340035E40B /* Base */,
			);
			name = Main.storyboard;
			sourceTree = "<group>";
		};
		C56757A61B787E340035E40B /* InfoPlist.strings */ = {
			isa = PBXVariantGroup;
			children = (
				C56757A71B787E340035E40B /* en */,
			);
			name = InfoPlist.strings;
			sourceTree = "<group>";
		};
/* End PBXVariantGroup section */

/* Begin XCBuildConfiguration section */
		C56757AB1B787E340035E40B /* Debug */ = {
			isa = XCBuildConfiguration;
			buildSettings = {
				ALWAYS_SEARCH_USER_PATHS = NO;
				CLANG_CXX_LANGUAGE_STANDARD = "gnu++0x";
				CLANG_CXX_LIBRARY = "libc++";
				CLANG_ENABLE_MODULES = YES;
				CLANG_ENABLE_OBJC_ARC = YES;
				CLANG_WARN_BOOL_CONVERSION = YES;
				CLANG_WARN_CONSTANT_CONVERSION = YES;
				CLANG_WARN_DIRECT_OBJC_ISA_USAGE = YES_ERROR;
				CLANG_WARN_EMPTY_BODY = YES;
				CLANG_WARN_ENUM_CONVERSION = YES;
				CLANG_WARN_INT_CONVERSION = YES;
				CLANG_WARN_OBJC_ROOT_CLASS = YES_ERROR;
				CLANG_WARN__DUPLICATE_METHOD_MATCH = YES;
				"CODE_SIGN_IDENTITY[sdk=iphoneos*]" = "iPhone Developer";
				COPY_PHASE_STRIP = NO;
				GCC_C_LANGUAGE_STANDARD = gnu99;
				GCC_DYNAMIC_NO_PIC = NO;
				GCC_OPTIMIZATION_LEVEL = 0;
				GCC_PREPROCESSOR_DEFINITIONS = (
					"DEBUG=1",
					"$(inherited)",
				);
				GCC_SYMBOLS_PRIVATE_EXTERN = NO;
				GCC_WARN_64_TO_32_BIT_CONVERSION = YES;
				GCC_WARN_ABOUT_RETURN_TYPE = YES_ERROR;
				GCC_WARN_UNDECLARED_SELECTOR = YES;
				GCC_WARN_UNINITIALIZED_AUTOS = YES_AGGRESSIVE;
				GCC_WARN_UNUSED_FUNCTION = YES;
				GCC_WARN_UNUSED_VARIABLE = YES;
				IPHONEOS_DEPLOYMENT_TARGET = 7.0;
				ONLY_ACTIVE_ARCH = YES;
				SDKROOT = iphoneos;
			};
			name = Debug;
		};
		C56757AC1B787E340035E40B /* Release */ = {
			isa = XCBuildConfiguration;
			buildSettings = {
				ALWAYS_SEARCH_USER_PATHS = NO;
				CLANG_CXX_LANGUAGE_STANDARD = "gnu++0x";
				CLANG_CXX_LIBRARY = "libc++";
				CLANG_ENABLE_MODULES = YES;
				CLANG_ENABLE_OBJC_ARC = YES;
				CLANG_WARN_BOOL_CONVERSION = YES;
				CLANG_WARN_CONSTANT_CONVERSION = YES;
				CLANG_WARN_DIRECT_OBJC_ISA_USAGE = YES_ERROR;
				CLANG_WARN_EMPTY_BODY = YES;
				CLANG_WARN_ENUM_CONVERSION = YES;
				CLANG_WARN_INT_CONVERSION = YES;
				CLANG_WARN_OBJC_ROOT_CLASS = YES_ERROR;
				CLANG_WARN__DUPLICATE_METHOD_MATCH = YES;
				"CODE_SIGN_IDENTITY[sdk=iphoneos*]" = "iPhone Developer";
				COPY_PHASE_STRIP = YES;
				ENABLE_NS_ASSERTIONS = NO;
				GCC_C_LANGUAGE_STANDARD = gnu99;
				GCC_WARN_64_TO_32_BIT_CONVERSION = YES;
				GCC_WARN_ABOUT_RETURN_TYPE = YES_ERROR;
				GCC_WARN_UNDECLARED_SELECTOR = YES;
				GCC_WARN_UNINITIALIZED_AUTOS = YES_AGGRESSIVE;
				GCC_WARN_UNUSED_FUNCTION = YES;
				GCC_WARN_UNUSED_VARIABLE = YES;
				IPHONEOS_DEPLOYMENT_TARGET = 7.0;
				SDKROOT = iphoneos;
				VALIDATE_PRODUCT = YES;
			};
			name = Release;
		};
		C56757AE1B787E340035E40B /* Debug */ = {
			isa = XCBuildConfiguration;
			buildSettings = {
				ASSETCATALOG_COMPILER_APPICON_NAME = AppIcon;
				ASSETCATALOG_COMPILER_LAUNCHIMAGE_NAME = LaunchImage;
				GCC_PRECOMPILE_PREFIX_HEADER = YES;
				GCC_PREFIX_HEADER = "Dropit/Dropit-Prefix.pch";
				INFOPLIST_FILE = "Dropit/Dropit-Info.plist";
				PRODUCT_NAME = "$(TARGET_NAME)";
				WRAPPER_EXTENSION = app;
			};
			name = Debug;
		};
		C56757AF1B787E340035E40B /* Release */ = {
			isa = XCBuildConfiguration;
			buildSettings = {
				ASSETCATALOG_COMPILER_APPICON_NAME = AppIcon;
				ASSETCATALOG_COMPILER_LAUNCHIMAGE_NAME = LaunchImage;
				GCC_PRECOMPILE_PREFIX_HEADER = YES;
				GCC_PREFIX_HEADER = "Dropit/Dropit-Prefix.pch";
				INFOPLIST_FILE = "Dropit/Dropit-Info.plist";
				PRODUCT_NAME = "$(TARGET_NAME)";
				WRAPPER_EXTENSION = app;
			};
			name = Release;
		};
		C56757B11B787E340035E40B /* Debug */ = {
			isa = XCBuildConfiguration;
			buildSettings = {
				BUNDLE_LOADER = "$(BUILT_PRODUCTS_DIR)/Dropit.app/Dropit";
				FRAMEWORK_SEARCH_PATHS = (
					"$(SDKROOT)/Developer/Library/Frameworks",
					"$(inherited)",
					"$(DEVELOPER_FRAMEWORKS_DIR)",
				);
				GCC_PRECOMPILE_PREFIX_HEADER = YES;
				GCC_PREFIX_HEADER = "Dropit/Dropit-Prefix.pch";
				GCC_PREPROCESSOR_DEFINITIONS = (
					"DEBUG=1",
					"$(inherited)",
				);
				INFOPLIST_FILE = "DropitTests/DropitTests-Info.plist";
				PRODUCT_NAME = "$(TARGET_NAME)";
				TEST_HOST = "$(BUNDLE_LOADER)";
				WRAPPER_EXTENSION = xctest;
			};
			name = Debug;
		};
		C56757B21B787E340035E40B /* Release */ = {
			isa = XCBuildConfiguration;
			buildSettings = {
				BUNDLE_LOADER = "$(BUILT_PRODUCTS_DIR)/Dropit.app/Dropit";
				FRAMEWORK_SEARCH_PATHS = (
					"$(SDKROOT)/Developer/Library/Frameworks",
					"$(inherited)",
					"$(DEVELOPER_FRAMEWORKS_DIR)",
				);
				GCC_PRECOMPILE_PREFIX_HEADER = YES;
				GCC_PREFIX_HEADER = "Dropit/Dropit-Prefix.pch";
				INFOPLIST_FILE = "DropitTests/DropitTests-Info.plist";
				PRODUCT_NAME = "$(TARGET_NAME)";
				TEST_HOST = "$(BUNDLE_LOADER)";
				WRAPPER_EXTENSION = xctest;
			};
			name = Release;
		};
/* End XCBuildConfiguration section */

/* Begin XCConfigurationList section */
		C56757761B787E340035E40B /* Build configuration list for PBXProject "Dropit" */ = {
			isa = XCConfigurationList;
			buildConfigurations = (
				C56757AB1B787E340035E40B /* Debug */,
				C56757AC1B787E340035E40B /* Release */,
			);
			defaultConfigurationIsVisible = 0;
			defaultConfigurationName = Release;
		};
		C56757AD1B787E340035E40B /* Build configuration list for PBXNativeTarget "Dropit" */ = {
			isa = XCConfigurationList;
			buildConfigurations = (
				C56757AE1B787E340035E40B /* Debug */,
				C56757AF1B787E340035E40B /* Release */,
			);
			defaultConfigurationIsVisible = 0;
		};
		C56757B01B787E340035E40B /* Build configuration list for PBXNativeTarget "DropitTests" */ = {
			isa = XCConfigurationList;
			buildConfigurations = (
				C56757B11B787E340035E40B /* Debug */,
				C56757B21B787E340035E40B /* Release */,
			);
			defaultConfigurationIsVisible = 0;
		};
/* End XCConfigurationList section */
	};
	rootObject = C56757731B787E340035E40B /* Project object */;
}
