// !$*UTF8*$!
{
	archiveVersion = 1;
	classes = {
	};
	objectVersion = 46;
	objects = {

/* Begin PBXBuildFile section */
		C5D176C91C4FB03000FA335C /* Foundation.framework in Frameworks */ = {isa = PBXBuildFile; fileRef = C5D176C81C4FB03000FA335C /* Foundation.framework */; };
		C5D176CB1C4FB03000FA335C /* CoreGraphics.framework in Frameworks */ = {isa = PBXBuildFile; fileRef = C5D176CA1C4FB03000FA335C /* CoreGraphics.framework */; };
		C5D176CD1C4FB03000FA335C /* UIKit.framework in Frameworks */ = {isa = PBXBuildFile; fileRef = C5D176CC1C4FB03000FA335C /* UIKit.framework */; };
		C5D176D31C4FB03000FA335C /* InfoPlist.strings in Resources */ = {isa = PBXBuildFile; fileRef = C5D176D11C4FB03000FA335C /* InfoPlist.strings */; };
		C5D176D51C4FB03000FA335C /* main.m in Sources */ = {isa = PBXBuildFile; fileRef = C5D176D41C4FB03000FA335C /* main.m */; };
		C5D176D91C4FB03000FA335C /* AppDelegate.m in Sources */ = {isa = PBXBuildFile; fileRef = C5D176D81C4FB03000FA335C /* AppDelegate.m */; };
		C5D176DC1C4FB03000FA335C /* Main.storyboard in Resources */ = {isa = PBXBuildFile; fileRef = C5D176DA1C4FB03000FA335C /* Main.storyboard */; };
		C5D176DF1C4FB03000FA335C /* ViewController.m in Sources */ = {isa = PBXBuildFile; fileRef = C5D176DE1C4FB03000FA335C /* ViewController.m */; };
		C5D176E11C4FB03000FA335C /* Images.xcassets in Resources */ = {isa = PBXBuildFile; fileRef = C5D176E01C4FB03000FA335C /* Images.xcassets */; };
		C5D176E81C4FB03000FA335C /* XCTest.framework in Frameworks */ = {isa = PBXBuildFile; fileRef = C5D176E71C4FB03000FA335C /* XCTest.framework */; };
		C5D176E91C4FB03000FA335C /* Foundation.framework in Frameworks */ = {isa = PBXBuildFile; fileRef = C5D176C81C4FB03000FA335C /* Foundation.framework */; };
		C5D176EA1C4FB03000FA335C /* UIKit.framework in Frameworks */ = {isa = PBXBuildFile; fileRef = C5D176CC1C4FB03000FA335C /* UIKit.framework */; };
		C5D176F21C4FB03000FA335C /* InfoPlist.strings in Resources */ = {isa = PBXBuildFile; fileRef = C5D176F01C4FB03000FA335C /* InfoPlist.strings */; };
		C5D176F41C4FB03000FA335C /* ImaginariumTests.m in Sources */ = {isa = PBXBuildFile; fileRef = C5D176F31C4FB03000FA335C /* ImaginariumTests.m */; };
		C5D176FF1C4FB0C000FA335C /* ImageViewController.m in Sources */ = {isa = PBXBuildFile; fileRef = C5D176FE1C4FB0C000FA335C /* ImageViewController.m */; };
/* End PBXBuildFile section */

/* Begin PBXContainerItemProxy section */
		C5D176EB1C4FB03000FA335C /* PBXContainerItemProxy */ = {
			isa = PBXContainerItemProxy;
			containerPortal = C5D176BD1C4FB03000FA335C /* Project object */;
			proxyType = 1;
			remoteGlobalIDString = C5D176C41C4FB03000FA335C;
			remoteInfo = Imaginarium;
		};
/* End PBXContainerItemProxy section */

/* Begin PBXFileReference section */
		C5D176C51C4FB03000FA335C /* Imaginarium.app */ = {isa = PBXFileReference; explicitFileType = wrapper.application; includeInIndex = 0; path = Imaginarium.app; sourceTree = BUILT_PRODUCTS_DIR; };
		C5D176C81C4FB03000FA335C /* Foundation.framework */ = {isa = PBXFileReference; lastKnownFileType = wrapper.framework; name = Foundation.framework; path = System/Library/Frameworks/Foundation.framework; sourceTree = SDKROOT; };
		C5D176CA1C4FB03000FA335C /* CoreGraphics.framework */ = {isa = PBXFileReference; lastKnownFileType = wrapper.framework; name = CoreGraphics.framework; path = System/Library/Frameworks/CoreGraphics.framework; sourceTree = SDKROOT; };
		C5D176CC1C4FB03000FA335C /* UIKit.framework */ = {isa = PBXFileReference; lastKnownFileType = wrapper.framework; name = UIKit.framework; path = System/Library/Frameworks/UIKit.framework; sourceTree = SDKROOT; };
		C5D176D01C4FB03000FA335C /* Imaginarium-Info.plist */ = {isa = PBXFileReference; lastKnownFileType = text.plist.xml; path = "Imaginarium-Info.plist"; sourceTree = "<group>"; };
		C5D176D21C4FB03000FA335C /* en */ = {isa = PBXFileReference; lastKnownFileType = text.plist.strings; name = en; path = en.lproj/InfoPlist.strings; sourceTree = "<group>"; };
		C5D176D41C4FB03000FA335C /* main.m */ = {isa = PBXFileReference; lastKnownFileType = sourcecode.c.objc; path = main.m; sourceTree = "<group>"; };
		C5D176D61C4FB03000FA335C /* Imaginarium-Prefix.pch */ = {isa = PBXFileReference; lastKnownFileType = sourcecode.c.h; path = "Imaginarium-Prefix.pch"; sourceTree = "<group>"; };
		C5D176D71C4FB03000FA335C /* AppDelegate.h */ = {isa = PBXFileReference; lastKnownFileType = sourcecode.c.h; path = AppDelegate.h; sourceTree = "<group>"; };
		C5D176D81C4FB03000FA335C /* AppDelegate.m */ = {isa = PBXFileReference; lastKnownFileType = sourcecode.c.objc; path = AppDelegate.m; sourceTree = "<group>"; };
		C5D176DB1C4FB03000FA335C /* Base */ = {isa = PBXFileReference; lastKnownFileType = file.storyboard; name = Base; path = Base.lproj/Main.storyboard; sourceTree = "<group>"; };
		C5D176DD1C4FB03000FA335C /* ViewController.h */ = {isa = PBXFileReference; lastKnownFileType = sourcecode.c.h; path = ViewController.h; sourceTree = "<group>"; };
		C5D176DE1C4FB03000FA335C /* ViewController.m */ = {isa = PBXFileReference; lastKnownFileType = sourcecode.c.objc; path = ViewController.m; sourceTree = "<group>"; };
		C5D176E01C4FB03000FA335C /* Images.xcassets */ = {isa = PBXFileReference; lastKnownFileType = folder.assetcatalog; path = Images.xcassets; sourceTree = "<group>"; };
		C5D176E61C4FB03000FA335C /* ImaginariumTests.xctest */ = {isa = PBXFileReference; explicitFileType = wrapper.cfbundle; includeInIndex = 0; path = ImaginariumTests.xctest; sourceTree = BUILT_PRODUCTS_DIR; };
		C5D176E71C4FB03000FA335C /* XCTest.framework */ = {isa = PBXFileReference; lastKnownFileType = wrapper.framework; name = XCTest.framework; path = Library/Frameworks/XCTest.framework; sourceTree = DEVELOPER_DIR; };
		C5D176EF1C4FB03000FA335C /* ImaginariumTests-Info.plist */ = {isa = PBXFileReference; lastKnownFileType = text.plist.xml; path = "ImaginariumTests-Info.plist"; sourceTree = "<group>"; };
		C5D176F11C4FB03000FA335C /* en */ = {isa = PBXFileReference; lastKnownFileType = text.plist.strings; name = en; path = en.lproj/InfoPlist.strings; sourceTree = "<group>"; };
		C5D176F31C4FB03000FA335C /* ImaginariumTests.m */ = {isa = PBXFileReference; lastKnownFileType = sourcecode.c.objc; path = ImaginariumTests.m; sourceTree = "<group>"; };
		C5D176FD1C4FB0C000FA335C /* ImageViewController.h */ = {isa = PBXFileReference; fileEncoding = 4; lastKnownFileType = sourcecode.c.h; path = ImageViewController.h; sourceTree = "<group>"; };
		C5D176FE1C4FB0C000FA335C /* ImageViewController.m */ = {isa = PBXFileReference; fileEncoding = 4; lastKnownFileType = sourcecode.c.objc; path = ImageViewController.m; sourceTree = "<group>"; };
/* End PBXFileReference section */

/* Begin PBXFrameworksBuildPhase section */
		C5D176C21C4FB03000FA335C /* Frameworks */ = {
			isa = PBXFrameworksBuildPhase;
			buildActionMask = 2147483647;
			files = (
				C5D176CB1C4FB03000FA335C /* CoreGraphics.framework in Frameworks */,
				C5D176CD1C4FB03000FA335C /* UIKit.framework in Frameworks */,
				C5D176C91C4FB03000FA335C /* Foundation.framework in Frameworks */,
			);
			runOnlyForDeploymentPostprocessing = 0;
		};
		C5D176E31C4FB03000FA335C /* Frameworks */ = {
			isa = PBXFrameworksBuildPhase;
			buildActionMask = 2147483647;
			files = (
				C5D176E81C4FB03000FA335C /* XCTest.framework in Frameworks */,
				C5D176EA1C4FB03000FA335C /* UIKit.framework in Frameworks */,
				C5D176E91C4FB03000FA335C /* Foundation.framework in Frameworks */,
			);
			runOnlyForDeploymentPostprocessing = 0;
		};
/* End PBXFrameworksBuildPhase section */

/* Begin PBXGroup section */
		C5D176BC1C4FB03000FA335C = {
			isa = PBXGroup;
			children = (
				C5D176CE1C4FB03000FA335C /* Imaginarium */,
				C5D176ED1C4FB03000FA335C /* ImaginariumTests */,
				C5D176C71C4FB03000FA335C /* Frameworks */,
				C5D176C61C4FB03000FA335C /* Products */,
			);
			sourceTree = "<group>";
		};
		C5D176C61C4FB03000FA335C /* Products */ = {
			isa = PBXGroup;
			children = (
				C5D176C51C4FB03000FA335C /* Imaginarium.app */,
				C5D176E61C4FB03000FA335C /* ImaginariumTests.xctest */,
			);
			name = Products;
			sourceTree = "<group>";
		};
		C5D176C71C4FB03000FA335C /* Frameworks */ = {
			isa = PBXGroup;
			children = (
				C5D176C81C4FB03000FA335C /* Foundation.framework */,
				C5D176CA1C4FB03000FA335C /* CoreGraphics.framework */,
				C5D176CC1C4FB03000FA335C /* UIKit.framework */,
				C5D176E71C4FB03000FA335C /* XCTest.framework */,
			);
			name = Frameworks;
			sourceTree = "<group>";
		};
		C5D176CE1C4FB03000FA335C /* Imaginarium */ = {
			isa = PBXGroup;
			children = (
				C5D176DA1C4FB03000FA335C /* Main.storyboard */,
				C5D176DD1C4FB03000FA335C /* ViewController.h */,
				C5D176DE1C4FB03000FA335C /* ViewController.m */,
				C5D176FD1C4FB0C000FA335C /* ImageViewController.h */,
				C5D176FE1C4FB0C000FA335C /* ImageViewController.m */,
				C5D176E01C4FB03000FA335C /* Images.xcassets */,
				C5D176CF1C4FB03000FA335C /* Supporting Files */,
			);
			path = Imaginarium;
			sourceTree = "<group>";
		};
		C5D176CF1C4FB03000FA335C /* Supporting Files */ = {
			isa = PBXGroup;
			children = (
				C5D176D71C4FB03000FA335C /* AppDelegate.h */,
				C5D176D81C4FB03000FA335C /* AppDelegate.m */,
				C5D176D01C4FB03000FA335C /* Imaginarium-Info.plist */,
				C5D176D11C4FB03000FA335C /* InfoPlist.strings */,
				C5D176D41C4FB03000FA335C /* main.m */,
				C5D176D61C4FB03000FA335C /* Imaginarium-Prefix.pch */,
			);
			name = "Supporting Files";
			sourceTree = "<group>";
		};
		C5D176ED1C4FB03000FA335C /* ImaginariumTests */ = {
			isa = PBXGroup;
			children = (
				C5D176F31C4FB03000FA335C /* ImaginariumTests.m */,
				C5D176EE1C4FB03000FA335C /* Supporting Files */,
			);
			path = ImaginariumTests;
			sourceTree = "<group>";
		};
		C5D176EE1C4FB03000FA335C /* Supporting Files */ = {
			isa = PBXGroup;
			children = (
				C5D176EF1C4FB03000FA335C /* ImaginariumTests-Info.plist */,
				C5D176F01C4FB03000FA335C /* InfoPlist.strings */,
			);
			name = "Supporting Files";
			sourceTree = "<group>";
		};
/* End PBXGroup section */

/* Begin PBXNativeTarget section */
		C5D176C41C4FB03000FA335C /* Imaginarium */ = {
			isa = PBXNativeTarget;
			buildConfigurationList = C5D176F71C4FB03000FA335C /* Build configuration list for PBXNativeTarget "Imaginarium" */;
			buildPhases = (
				C5D176C11C4FB03000FA335C /* Sources */,
				C5D176C21C4FB03000FA335C /* Frameworks */,
				C5D176C31C4FB03000FA335C /* Resources */,
			);
			buildRules = (
			);
			dependencies = (
			);
			name = Imaginarium;
			productName = Imaginarium;
			productReference = C5D176C51C4FB03000FA335C /* Imaginarium.app */;
			productType = "com.apple.product-type.application";
		};
		C5D176E51C4FB03000FA335C /* ImaginariumTests */ = {
			isa = PBXNativeTarget;
			buildConfigurationList = C5D176FA1C4FB03000FA335C /* Build configuration list for PBXNativeTarget "ImaginariumTests" */;
			buildPhases = (
				C5D176E21C4FB03000FA335C /* Sources */,
				C5D176E31C4FB03000FA335C /* Frameworks */,
				C5D176E41C4FB03000FA335C /* Resources */,
			);
			buildRules = (
			);
			dependencies = (
				C5D176EC1C4FB03000FA335C /* PBXTargetDependency */,
			);
			name = ImaginariumTests;
			productName = ImaginariumTests;
			productReference = C5D176E61C4FB03000FA335C /* ImaginariumTests.xctest */;
			productType = "com.apple.product-type.bundle.unit-test";
		};
/* End PBXNativeTarget section */

/* Begin PBXProject section */
		C5D176BD1C4FB03000FA335C /* Project object */ = {
			isa = PBXProject;
			attributes = {
				LastUpgradeCheck = 0510;
				ORGANIZATIONNAME = TechLewis;
				TargetAttributes = {
					C5D176E51C4FB03000FA335C = {
						TestTargetID = C5D176C41C4FB03000FA335C;
					};
				};
			};
			buildConfigurationList = C5D176C01C4FB03000FA335C /* Build configuration list for PBXProject "Imaginarium" */;
			compatibilityVersion = "Xcode 3.2";
			developmentRegion = English;
			hasScannedForEncodings = 0;
			knownRegions = (
				en,
				Base,
			);
			mainGroup = C5D176BC1C4FB03000FA335C;
			productRefGroup = C5D176C61C4FB03000FA335C /* Products */;
			projectDirPath = "";
			projectRoot = "";
			targets = (
				C5D176C41C4FB03000FA335C /* Imaginarium */,
				C5D176E51C4FB03000FA335C /* ImaginariumTests */,
			);
		};
/* End PBXProject section */

/* Begin PBXResourcesBuildPhase section */
		C5D176C31C4FB03000FA335C /* Resources */ = {
			isa = PBXResourcesBuildPhase;
			buildActionMask = 2147483647;
			files = (
				C5D176E11C4FB03000FA335C /* Images.xcassets in Resources */,
				C5D176D31C4FB03000FA335C /* InfoPlist.strings in Resources */,
				C5D176DC1C4FB03000FA335C /* Main.storyboard in Resources */,
			);
			runOnlyForDeploymentPostprocessing = 0;
		};
		C5D176E41C4FB03000FA335C /* Resources */ = {
			isa = PBXResourcesBuildPhase;
			buildActionMask = 2147483647;
			files = (
				C5D176F21C4FB03000FA335C /* InfoPlist.strings in Resources */,
			);
			runOnlyForDeploymentPostprocessing = 0;
		};
/* End PBXResourcesBuildPhase section */

/* Begin PBXSourcesBuildPhase section */
		C5D176C11C4FB03000FA335C /* Sources */ = {
			isa = PBXSourcesBuildPhase;
			buildActionMask = 2147483647;
			files = (
				C5D176DF1C4FB03000FA335C /* ViewController.m in Sources */,
				C5D176D91C4FB03000FA335C /* AppDelegate.m in Sources */,
				C5D176FF1C4FB0C000FA335C /* ImageViewController.m in Sources */,
				C5D176D51C4FB03000FA335C /* main.m in Sources */,
			);
			runOnlyForDeploymentPostprocessing = 0;
		};
		C5D176E21C4FB03000FA335C /* Sources */ = {
			isa = PBXSourcesBuildPhase;
			buildActionMask = 2147483647;
			files = (
				C5D176F41C4FB03000FA335C /* ImaginariumTests.m in Sources */,
			);
			runOnlyForDeploymentPostprocessing = 0;
		};
/* End PBXSourcesBuildPhase section */

/* Begin PBXTargetDependency section */
		C5D176EC1C4FB03000FA335C /* PBXTargetDependency */ = {
			isa = PBXTargetDependency;
			target = C5D176C41C4FB03000FA335C /* Imaginarium */;
			targetProxy = C5D176EB1C4FB03000FA335C /* PBXContainerItemProxy */;
		};
/* End PBXTargetDependency section */

/* Begin PBXVariantGroup section */
		C5D176D11C4FB03000FA335C /* InfoPlist.strings */ = {
			isa = PBXVariantGroup;
			children = (
				C5D176D21C4FB03000FA335C /* en */,
			);
			name = InfoPlist.strings;
			sourceTree = "<group>";
		};
		C5D176DA1C4FB03000FA335C /* Main.storyboard */ = {
			isa = PBXVariantGroup;
			children = (
				C5D176DB1C4FB03000FA335C /* Base */,
			);
			name = Main.storyboard;
			sourceTree = "<group>";
		};
		C5D176F01C4FB03000FA335C /* InfoPlist.strings */ = {
			isa = PBXVariantGroup;
			children = (
				C5D176F11C4FB03000FA335C /* en */,
			);
			name = InfoPlist.strings;
			sourceTree = "<group>";
		};
/* End PBXVariantGroup section */

/* Begin XCBuildConfiguration section */
		C5D176F51C4FB03000FA335C /* Debug */ = {
			isa = XCBuildConfiguration;
			buildSettings = {
				ALWAYS_SEARCH_USER_PATHS = NO;
				CLANG_CXX_LANGUAGE_STANDARD = "gnu++0x";
				CLANG_CXX_LIBRARY = "libc++";
				CLANG_ENABLE_MODULES = YES;
				CLANG_ENABLE_OBJC_ARC = YES;
				CLANG_WARN_BOOL_CONVERSION = YES;
				CLANG_WARN_CONSTANT_CONVERSION = YES;
				CLANG_WARN_DIRECT_OBJC_ISA_USAGE = YES_ERROR;
				CLANG_WARN_EMPTY_BODY = YES;
				CLANG_WARN_ENUM_CONVERSION = YES;
				CLANG_WARN_INT_CONVERSION = YES;
				CLANG_WARN_OBJC_ROOT_CLASS = YES_ERROR;
				CLANG_WARN__DUPLICATE_METHOD_MATCH = YES;
				"CODE_SIGN_IDENTITY[sdk=iphoneos*]" = "iPhone Developer";
				COPY_PHASE_STRIP = NO;
				GCC_C_LANGUAGE_STANDARD = gnu99;
				GCC_DYNAMIC_NO_PIC = NO;
				GCC_OPTIMIZATION_LEVEL = 0;
				GCC_PREPROCESSOR_DEFINITIONS = (
					"DEBUG=1",
					"$(inherited)",
				);
				GCC_SYMBOLS_PRIVATE_EXTERN = NO;
				GCC_WARN_64_TO_32_BIT_CONVERSION = YES;
				GCC_WARN_ABOUT_RETURN_TYPE = YES_ERROR;
				GCC_WARN_UNDECLARED_SELECTOR = YES;
				GCC_WARN_UNINITIALIZED_AUTOS = YES_AGGRESSIVE;
				GCC_WARN_UNUSED_FUNCTION = YES;
				GCC_WARN_UNUSED_VARIABLE = YES;
				IPHONEOS_DEPLOYMENT_TARGET = 7.1;
				ONLY_ACTIVE_ARCH = YES;
				SDKROOT = iphoneos;
			};
			name = Debug;
		};
		C5D176F61C4FB03000FA335C /* Release */ = {
			isa = XCBuildConfiguration;
			buildSettings = {
				ALWAYS_SEARCH_USER_PATHS = NO;
				CLANG_CXX_LANGUAGE_STANDARD = "gnu++0x";
				CLANG_CXX_LIBRARY = "libc++";
				CLANG_ENABLE_MODULES = YES;
				CLANG_ENABLE_OBJC_ARC = YES;
				CLANG_WARN_BOOL_CONVERSION = YES;
				CLANG_WARN_CONSTANT_CONVERSION = YES;
				CLANG_WARN_DIRECT_OBJC_ISA_USAGE = YES_ERROR;
				CLANG_WARN_EMPTY_BODY = YES;
				CLANG_WARN_ENUM_CONVERSION = YES;
				CLANG_WARN_INT_CONVERSION = YES;
				CLANG_WARN_OBJC_ROOT_CLASS = YES_ERROR;
				CLANG_WARN__DUPLICATE_METHOD_MATCH = YES;
				"CODE_SIGN_IDENTITY[sdk=iphoneos*]" = "iPhone Developer";
				COPY_PHASE_STRIP = YES;
				ENABLE_NS_ASSERTIONS = NO;
				GCC_C_LANGUAGE_STANDARD = gnu99;
				GCC_WARN_64_TO_32_BIT_CONVERSION = YES;
				GCC_WARN_ABOUT_RETURN_TYPE = YES_ERROR;
				GCC_WARN_UNDECLARED_SELECTOR = YES;
				GCC_WARN_UNINITIALIZED_AUTOS = YES_AGGRESSIVE;
				GCC_WARN_UNUSED_FUNCTION = YES;
				GCC_WARN_UNUSED_VARIABLE = YES;
				IPHONEOS_DEPLOYMENT_TARGET = 7.1;
				SDKROOT = iphoneos;
				VALIDATE_PRODUCT = YES;
			};
			name = Release;
		};
		C5D176F81C4FB03000FA335C /* Debug */ = {
			isa = XCBuildConfiguration;
			buildSettings = {
				ASSETCATALOG_COMPILER_APPICON_NAME = AppIcon;
				ASSETCATALOG_COMPILER_LAUNCHIMAGE_NAME = LaunchImage;
				GCC_PRECOMPILE_PREFIX_HEADER = YES;
				GCC_PREFIX_HEADER = "Imaginarium/Imaginarium-Prefix.pch";
				INFOPLIST_FILE = "Imaginarium/Imaginarium-Info.plist";
				PRODUCT_NAME = "$(TARGET_NAME)";
				WRAPPER_EXTENSION = app;
			};
			name = Debug;
		};
		C5D176F91C4FB03000FA335C /* Release */ = {
			isa = XCBuildConfiguration;
			buildSettings = {
				ASSETCATALOG_COMPILER_APPICON_NAME = AppIcon;
				ASSETCATALOG_COMPILER_LAUNCHIMAGE_NAME = LaunchImage;
				GCC_PRECOMPILE_PREFIX_HEADER = YES;
				GCC_PREFIX_HEADER = "Imaginarium/Imaginarium-Prefix.pch";
				INFOPLIST_FILE = "Imaginarium/Imaginarium-Info.plist";
				PRODUCT_NAME = "$(TARGET_NAME)";
				WRAPPER_EXTENSION = app;
			};
			name = Release;
		};
		C5D176FB1C4FB03000FA335C /* Debug */ = {
			isa = XCBuildConfiguration;
			buildSettings = {
				BUNDLE_LOADER = "$(BUILT_PRODUCTS_DIR)/Imaginarium.app/Imaginarium";
				FRAMEWORK_SEARCH_PATHS = (
					"$(SDKROOT)/Developer/Library/Frameworks",
					"$(inherited)",
					"$(DEVELOPER_FRAMEWORKS_DIR)",
				);
				GCC_PRECOMPILE_PREFIX_HEADER = YES;
				GCC_PREFIX_HEADER = "Imaginarium/Imaginarium-Prefix.pch";
				GCC_PREPROCESSOR_DEFINITIONS = (
					"DEBUG=1",
					"$(inherited)",
				);
				INFOPLIST_FILE = "ImaginariumTests/ImaginariumTests-Info.plist";
				PRODUCT_NAME = "$(TARGET_NAME)";
				TEST_HOST = "$(BUNDLE_LOADER)";
				WRAPPER_EXTENSION = xctest;
			};
			name = Debug;
		};
		C5D176FC1C4FB03000FA335C /* Release */ = {
			isa = XCBuildConfiguration;
			buildSettings = {
				BUNDLE_LOADER = "$(BUILT_PRODUCTS_DIR)/Imaginarium.app/Imaginarium";
				FRAMEWORK_SEARCH_PATHS = (
					"$(SDKROOT)/Developer/Library/Frameworks",
					"$(inherited)",
					"$(DEVELOPER_FRAMEWORKS_DIR)",
				);
				GCC_PRECOMPILE_PREFIX_HEADER = YES;
				GCC_PREFIX_HEADER = "Imaginarium/Imaginarium-Prefix.pch";
				INFOPLIST_FILE = "ImaginariumTests/ImaginariumTests-Info.plist";
				PRODUCT_NAME = "$(TARGET_NAME)";
				TEST_HOST = "$(BUNDLE_LOADER)";
				WRAPPER_EXTENSION = xctest;
			};
			name = Release;
		};
/* End XCBuildConfiguration section */

/* Begin XCConfigurationList section */
		C5D176C01C4FB03000FA335C /* Build configuration list for PBXProject "Imaginarium" */ = {
			isa = XCConfigurationList;
			buildConfigurations = (
				C5D176F51C4FB03000FA335C /* Debug */,
				C5D176F61C4FB03000FA335C /* Release */,
			);
			defaultConfigurationIsVisible = 0;
			defaultConfigurationName = Release;
		};
		C5D176F71C4FB03000FA335C /* Build configuration list for PBXNativeTarget "Imaginarium" */ = {
			isa = XCConfigurationList;
			buildConfigurations = (
				C5D176F81C4FB03000FA335C /* Debug */,
				C5D176F91C4FB03000FA335C /* Release */,
			);
			defaultConfigurationIsVisible = 0;
			defaultConfigurationName = Release;
		};
		C5D176FA1C4FB03000FA335C /* Build configuration list for PBXNativeTarget "ImaginariumTests" */ = {
			isa = XCConfigurationList;
			buildConfigurations = (
				C5D176FB1C4FB03000FA335C /* Debug */,
				C5D176FC1C4FB03000FA335C /* Release */,
			);
			defaultConfigurationIsVisible = 0;
			defaultConfigurationName = Release;
		};
/* End XCConfigurationList section */
	};
	rootObject = C5D176BD1C4FB03000FA335C /* Project object */;
}
